{
  "nodes": {
    "extra-container": {
      "inputs": {
        "flake-utils": "flake-utils",
        "nixpkgs": [
          "nixpkgs"
        ]
      },
      "locked": {
        "lastModified": 1679648217,
        "narHash": "sha256-aq2J5Hj5IE8X8X/7v3n0wcv8n+FLzzENbcCF9xqhxAc=",
        "owner": "erikarvstedt",
        "repo": "extra-container",
        "rev": "40c73f5e3292e73d6ce91625d9751be84fde17cb",
        "type": "github"
      },
      "original": {
        "owner": "erikarvstedt",
        "repo": "extra-container",
        "type": "github"
      }
    },
    "filetracker": {
      "inputs": {
        "flake-utils": "flake-utils_2",
        "nixpkgs": [
          "nixpkgs"
        ]
      },
      "locked": {
        "lastModified": 1686243920,
        "narHash": "sha256-RptREWxtSZPJ3HcuNcEdNQOCvpqyfxGUw9VWdBZaLak=",
        "owner": "Stowarzyszenie-Talent",
        "repo": "filetracker",
        "rev": "dfc4de35094ae3888c47629087401134e8117b81",
        "type": "github"
      },
      "original": {
        "owner": "Stowarzyszenie-Talent",
        "repo": "filetracker",
        "type": "github"
      }
    },
    "flake-utils": {
      "locked": {
        "lastModified": 1667395993,
        "narHash": "sha256-nuEHfE/LcWyuSWnS8t12N1wc105Qtau+/OdUAjtQ0rA=",
        "owner": "numtide",
        "repo": "flake-utils",
        "rev": "5aed5285a952e0b949eb3ba02c12fa4fcfef535f",
        "type": "github"
      },
      "original": {
        "owner": "numtide",
        "repo": "flake-utils",
        "type": "github"
      }
    },
    "flake-utils_2": {
      "locked": {
        "lastModified": 1676283394,
        "narHash": "sha256-XX2f9c3iySLCw54rJ/CZs+ZK6IQy7GXNY4nSOyu2QG4=",
        "owner": "numtide",
        "repo": "flake-utils",
        "rev": "3db36a8b464d0c4532ba1c7dda728f4576d6d073",
        "type": "github"
      },
      "original": {
        "owner": "numtide",
        "repo": "flake-utils",
        "type": "github"
      }
    },
    "flake-utils_3": {
      "locked": {
        "lastModified": 1678901627,
        "narHash": "sha256-U02riOqrKKzwjsxc/400XnElV+UtPUQWpANPlyazjH0=",
        "owner": "numtide",
        "repo": "flake-utils",
        "rev": "93a2b84fc4b70d9e089d029deacc3583435c2ed6",
        "type": "github"
      },
      "original": {
        "owner": "numtide",
        "repo": "flake-utils",
        "type": "github"
      }
    },
    "flake-utils_4": {
      "locked": {
        "lastModified": 1678901627,
        "narHash": "sha256-U02riOqrKKzwjsxc/400XnElV+UtPUQWpANPlyazjH0=",
        "owner": "numtide",
        "repo": "flake-utils",
        "rev": "93a2b84fc4b70d9e089d029deacc3583435c2ed6",
        "type": "github"
      },
      "original": {
        "owner": "numtide",
        "repo": "flake-utils",
        "type": "github"
      }
    },
    "nixpkgs": {
      "locked": {
        "lastModified": 1685314633,
        "narHash": "sha256-8LXBPqTQXl5ofkjpJ18JcbmLJ/lWDoMxtUwiDYv0wro=",
        "owner": "NixOS",
        "repo": "nixpkgs",
        "rev": "c8a17ce7abc03c50cd072e9e6c9b389c5f61836b",
        "type": "github"
      },
      "original": {
        "owner": "NixOS",
        "ref": "release-22.11",
        "repo": "nixpkgs",
        "type": "github"
      }
    },
    "root": {
      "inputs": {
        "extra-container": "extra-container",
        "filetracker": "filetracker",
        "flake-utils": "flake-utils_3",
        "nixpkgs": "nixpkgs",
        "sioworkers": "sioworkers"
      }
    },
    "sioworkers": {
      "inputs": {
        "filetracker": [
          "filetracker"
        ],
        "flake-utils": "flake-utils_4",
        "nixpkgs": [
          "nixpkgs"
        ]
      },
      "locked": {
        "lastModified": 1685817309,
        "narHash": "sha256-aHGzMCSIU9JTl55hRB7T0svIIcUAvJ19INbMUjgh8/k=",
        "owner": "Stowarzyszenie-Talent",
        "repo": "sioworkers",
        "rev": "78d77cb81c6ded000d55bca4ddb8c4fff964974e",
        "type": "github"
      },
      "original": {
        "owner": "Stowarzyszenie-Talent",
        "repo": "sioworkers",
        "type": "github"
      }
    }
  },
  "root": "root",
  "version": 7
}
