{
  "name": "notifications-server",
  "version": "0.0.1",
  "dependencies": {
    "socket.io": {
      "version": "0.9.16",
      "from": "socket.io@0.9.16",
      "resolved": "https://registry.npmjs.org/socket.io/-/socket.io-0.9.16.tgz",
      "dependencies": {
        "socket.io-client": {
          "version": "0.9.16",
          "from": "socket.io-client@0.9.16",
          "resolved": "https://registry.npmjs.org/socket.io-client/-/socket.io-client-0.9.16.tgz",
          "dependencies": {
            "uglify-js": {
              "version": "1.2.5",
              "from": "uglify-js@1.2.5"
            },
            "ws": {
              "version": "0.4.31",
              "from": "ws@0.4.31",
              "resolved": "https://registry.npmjs.org/ws/-/ws-0.4.31.tgz",
              "dependencies": {
                "commander": {
                  "version": "0.6.1",
                  "from": "commander@0.6.1"
                },
                "nan": {
                  "version": "0.3.2",
                  "from": "nan@0.3.2",
                  "resolved": "https://registry.npmjs.org/nan/-/nan-0.3.2.tgz"
                },
                "tinycolor": {
                  "version": "0.0.1",
                  "from": "tinycolor@0.0.1",
                  "resolved": "https://registry.npmjs.org/tinycolor/-/tinycolor-0.0.1.tgz"
                },
                "options": {
                  "version": "0.0.5",
                  "from": "options@0.0.5",
                  "resolved": "https://registry.npmjs.org/options/-/options-0.0.5.tgz"
                }
              }
            },
            "xmlhttprequest": {
              "version": "1.4.2",
              "from": "xmlhttprequest@1.4.2"
            },
            "active-x-obfuscator": {
              "version": "0.0.1",
              "from": "active-x-obfuscator@0.0.1",
              "dependencies": {
                "zeparser": {
                  "version": "0.0.5",
                  "from": "zeparser@0.0.5"
                }
              }
            }
          }
        },
        "policyfile": {
          "version": "0.0.4",
          "from": "policyfile@0.0.4",
          "resolved": "https://registry.npmjs.org/policyfile/-/policyfile-0.0.4.tgz"
        },
        "base64id": {
          "version": "0.1.0",
          "from": "base64id@0.1.0"
        },
        "redis": {
          "version": "0.7.3",
          "from": "redis@0.7.3",
          "resolved": "https://registry.npmjs.org/redis/-/redis-0.7.3.tgz"
        }
      }
    },
    "rabbit.js": {
      "version": "0.4.1",
      "from": "rabbit.js@0.4.1",
      "resolved": "https://registry.npmjs.org/rabbit.js/-/rabbit.js-0.4.1.tgz",
      "dependencies": {
        "amqplib": {
          "version": "0.1.3",
          "from": "amqplib@0.1.3",
          "resolved": "https://registry.npmjs.org/amqplib/-/amqplib-0.1.3.tgz",
          "dependencies": {
            "bitsyntax": {
              "version": "0.0.3",
              "from": "bitsyntax@0.0.3",
              "resolved": "https://registry.npmjs.org/bitsyntax/-/bitsyntax-0.0.3.tgz"
            },
            "buffer-more-ints": {
              "version": "0.0.2",
              "from": "buffer-more-ints@0.0.2",
              "resolved": "https://registry.npmjs.org/buffer-more-ints/-/buffer-more-ints-0.0.2.tgz"
            },
            "readable-stream": {
              "version": "1.1.12",
              "from": "readable-stream@1.1.12",
              "resolved": "https://registry.npmjs.org/readable-stream/-/readable-stream-1.1.12.tgz",
              "dependencies": {
                "core-util-is": {
                  "version": "1.0.1",
                  "from": "core-util-is@1.0.1",
                  "resolved": "https://registry.npmjs.org/core-util-is/-/core-util-is-1.0.1.tgz"
                },
                "isarray": {
                  "version": "0.0.1",
                  "from": "isarray@0.0.1"
                },
                "string_decoder": {
                  "version": "0.10.25-1",
                  "from": "string_decoder@0.10.25-1",
                  "resolved": "https://registry.npmjs.org/string_decoder/-/string_decoder-0.10.25-1.tgz"
                },
                "inherits": {
                  "version": "2.0.1",
                  "from": "inherits@2.0.1"
                }
              }
            },
            "when": {
              "version": "2.1.1",
              "from": "when@2.1.1",
              "resolved": "https://registry.npmjs.org/when/-/when-2.1.1.tgz"
            }
          }
        },
        "node-uuid": {
          "version": "1.4.1",
          "from": "node-uuid@1.4.1",
          "resolved": "https://registry.npmjs.org/node-uuid/-/node-uuid-1.4.1.tgz"
        },
        "readable-stream": {
          "version": "1.0.26-4",
          "from": "readable-stream@1.0.26-4",
          "resolved": "https://registry.npmjs.org/readable-stream/-/readable-stream-1.0.26-4.tgz",
          "dependencies": {
            "core-util-is": {
              "version": "1.0.1",
              "from": "core-util-is@1.0.1",
              "resolved": "https://registry.npmjs.org/core-util-is/-/core-util-is-1.0.1.tgz"
            },
            "isarray": {
              "version": "0.0.1",
              "from": "isarray@0.0.1"
            },
            "string_decoder": {
              "version": "0.10.25-1",
              "from": "string_decoder@0.10.25-1",
              "resolved": "https://registry.npmjs.org/string_decoder/-/string_decoder-0.10.25-1.tgz"
            },
            "inherits": {
              "version": "2.0.1",
              "from": "inherits@2.0.1"
            }
          }
        }
      }
    },
    "request": {
      "version": "2.34.0",
      "from": "request@2.34.0",
      "resolved": "https://registry.npmjs.org/request/-/request-2.34.0.tgz",
      "dependencies": {
        "qs": {
          "version": "0.6.6",
          "from": "qs@0.6.6"
        },
        "json-stringify-safe": {
          "version": "5.0.0",
          "from": "json-stringify-safe@5.0.0",
          "resolved": "https://registry.npmjs.org/json-stringify-safe/-/json-stringify-safe-5.0.0.tgz"
        },
        "forever-agent": {
          "version": "0.5.2",
          "from": "forever-agent@0.5.2",
          "resolved": "https://registry.npmjs.org/forever-agent/-/forever-agent-0.5.2.tgz"
        },
        "node-uuid": {
          "version": "1.4.1",
          "from": "node-uuid@1.4.1",
          "resolved": "https://registry.npmjs.org/node-uuid/-/node-uuid-1.4.1.tgz"
        },
        "mime": {
          "version": "1.2.11",
          "from": "mime@1.2.11",
          "resolved": "https://registry.npmjs.org/mime/-/mime-1.2.11.tgz"
        },
        "tough-cookie": {
          "version": "0.12.1",
          "from": "tough-cookie@0.12.1",
          "resolved": "https://registry.npmjs.org/tough-cookie/-/tough-cookie-0.12.1.tgz",
          "dependencies": {
            "punycode": {
              "version": "1.2.4",
              "from": "punycode@1.2.4",
              "resolved": "https://registry.npmjs.org/punycode/-/punycode-1.2.4.tgz"
            }
          }
        },
        "form-data": {
          "version": "0.1.2",
          "from": "form-data@0.1.2",
          "resolved": "https://registry.npmjs.org/form-data/-/form-data-0.1.2.tgz",
          "dependencies": {
            "combined-stream": {
              "version": "0.0.4",
              "from": "combined-stream@0.0.4",
              "resolved": "https://registry.npmjs.org/combined-stream/-/combined-stream-0.0.4.tgz",
              "dependencies": {
                "delayed-stream": {
                  "version": "0.0.5",
                  "from": "delayed-stream@0.0.5"
                }
              }
            },
            "async": {
              "version": "0.2.10",
              "from": "async@0.2.10",
              "resolved": "https://registry.npmjs.org/async/-/async-0.2.10.tgz"
            }
          }
        },
        "tunnel-agent": {
          "version": "0.3.0",
          "from": "tunnel-agent@0.3.0",
          "resolved": "https://registry.npmjs.org/tunnel-agent/-/tunnel-agent-0.3.0.tgz"
        },
        "http-signature": {
          "version": "0.10.0",
          "from": "http-signature@0.10.0",
          "resolved": "https://registry.npmjs.org/http-signature/-/http-signature-0.10.0.tgz",
          "dependencies": {
            "assert-plus": {
              "version": "0.1.2",
              "from": "assert-plus@0.1.2"
            },
            "asn1": {
              "version": "0.1.11",
              "from": "asn1@0.1.11"
            },
            "ctype": {
              "version": "0.5.2",
              "from": "ctype@0.5.2"
            }
          }
        },
        "oauth-sign": {
          "version": "0.3.0",
          "from": "oauth-sign@0.3.0",
          "resolved": "https://registry.npmjs.org/oauth-sign/-/oauth-sign-0.3.0.tgz"
        },
        "hawk": {
          "version": "1.0.0",
          "from": "hawk@1.0.0",
          "resolved": "https://registry.npmjs.org/hawk/-/hawk-1.0.0.tgz",
          "dependencies": {
            "hoek": {
              "version": "0.9.1",
              "from": "hoek@0.9.1",
              "resolved": "https://registry.npmjs.org/hoek/-/hoek-0.9.1.tgz"
            },
            "boom": {
              "version": "0.4.2",
              "from": "boom@0.4.2",
              "resolved": "https://registry.npmjs.org/boom/-/boom-0.4.2.tgz"
            },
            "cryptiles": {
              "version": "0.2.2",
              "from": "cryptiles@0.2.2",
              "resolved": "https://registry.npmjs.org/cryptiles/-/cryptiles-0.2.2.tgz"
            },
            "sntp": {
              "version": "0.2.4",
              "from": "sntp@0.2.4",
              "resolved": "https://registry.npmjs.org/sntp/-/sntp-0.2.4.tgz"
            }
          }
        },
        "aws-sign2": {
          "version": "0.5.0",
          "from": "aws-sign2@0.5.0",
          "resolved": "https://registry.npmjs.org/aws-sign2/-/aws-sign2-0.5.0.tgz"
        }
      }
    },
    "commander": {
      "version": "2.2.0",
      "from": "https://registry.npmjs.org/commander/-/commander-2.2.0.tgz",
      "resolved": "https://registry.npmjs.org/commander/-/commander-2.2.0.tgz"
    },
    "prettyjson": {
      "version": "1.0.0",
      "from": "https://registry.npmjs.org/prettyjson/-/prettyjson-1.0.0.tgz",
      "resolved": "https://registry.npmjs.org/prettyjson/-/prettyjson-1.0.0.tgz",
      "dependencies": {
        "colors": {
          "version": "0.6.2",
          "from": "https://registry.npmjs.org/colors/-/colors-0.6.2.tgz",
          "resolved": "https://registry.npmjs.org/colors/-/colors-0.6.2.tgz"
        },
        "minimist": {
          "version": "0.0.8",
          "from": "https://registry.npmjs.org/minimist/-/minimist-0.0.8.tgz",
          "resolved": "https://registry.npmjs.org/minimist/-/minimist-0.0.8.tgz"
        }
      }
    }
  }
}
